
Microsoft Visual Studio Solution File, Format Version 12.00
# Visual Studio Version 17
VisualStudioVersion = 17.13.35931.197 d17.13
MinimumVisualStudioVersion = 10.0.40219.1
Project("{FAE04EC0-301F-11D3-BF4B-00C04F79EFBC}") = "ComicRentalSystem_14Days", "ComicRentalSystem_14Days\ComicRentalSystem_14Days.csproj", "{76A88E66-AB0D-4D34-AC97-BD5532ECDC38}"
EndProject
Project("{FAE04EC0-301F-11D3-BF4B-00C04F79EFBC}") = "ComicRentalSystem_14Days.Tests", "ComicRentalSystem_14Days.Tests\ComicRentalSystem_14Days.Tests.csproj", "{72AC8357-BD66-4346-BF99-10D6CD31362A}"
EndProject
Global
	GlobalSection(SolutionConfigurationPlatforms) = preSolution
		Debug|Any CPU = Debug|Any CPU
		Release|Any CPU = Release|Any CPU
	EndGlobalSection
	GlobalSection(ProjectConfigurationPlatforms) = postSolution
		{76A88E66-AB0D-4D34-AC97-BD5532ECDC38}.Debug|Any CPU.ActiveCfg = Debug|Any CPU
		{76A88E66-AB0D-4D34-AC97-BD5532ECDC38}.Debug|Any CPU.Build.0 = Debug|Any CPU
		{76A88E66-AB0D-4D34-AC97-BD5532ECDC38}.Release|Any CPU.ActiveCfg = Release|Any CPU
		{76A88E66-AB0D-4D34-AC97-BD5532ECDC38}.Release|Any CPU.Build.0 = Release|Any CPU
		{72AC8357-BD66-4346-BF99-10D6CD31362A}.Debug|Any CPU.ActiveCfg = Debug|Any CPU
		{72AC8357-BD66-4346-BF99-10D6CD31362A}.Debug|Any CPU.Build.0 = Debug|Any CPU
		{72AC8357-BD66-4346-BF99-10D6CD31362A}.Release|Any CPU.ActiveCfg = Release|Any CPU
		{72AC8357-BD66-4346-BF99-10D6CD31362A}.Release|Any CPU.Build.0 = Release|Any CPU
	EndGlobalSection
	GlobalSection(SolutionProperties) = preSolution
		HideSolutionNode = FALSE
	EndGlobalSection
	GlobalSection(ExtensibilityGlobals) = postSolution
		SolutionGuid = {561F9A1E-AD20-4A83-A596-706299225FC3}
	EndGlobalSection
EndGlobal
